{
  "name": "customized",
  "version": "1.0.0",
  "lockfileVersion": 1,
  "requires": true,
  "dependencies": {
    "@angular/material": {
      "version": "9.2.0",
      "resolved": "https://registry.npmjs.org/@angular/material/-/material-9.2.0.tgz",
      "integrity": "sha512-KKzEIVh6/m56m+Ao8p4PK0SyEr0574l3VP2swj1qPag3u+FYgemmXCGTaChrKdDsez+zeTCPXImBGXzE6NQ80Q=="
    }
  }
}
